
Microsoft Visual Studio Solution File, Format Version 12.00
# Visual Studio Version 16
VisualStudioVersion = 16.0.29424.173
MinimumVisualStudioVersion = 10.0.40219.1
Project("{9A19103F-16F7-4668-BE54-9A1E7A4F7556}") = "BSE.Tunes.XApp", "BSE.Tunes.XApp\BSE.Tunes.XApp\BSE.Tunes.XApp.csproj", "{9C1B4F15-106F-4422-BBAD-91197B9DFBC7}"
EndProject
Project("{FAE04EC0-301F-11D3-BF4B-00C04F79EFBC}") = "BSE.Tunes.XApp.Android", "BSE.Tunes.XApp\BSE.Tunes.XApp.Android\BSE.Tunes.XApp.Android.csproj", "{BFAF10F3-F042-4647-9BDD-9B5176C579A2}"
EndProject
Project("{FAE04EC0-301F-11D3-BF4B-00C04F79EFBC}") = "BSE.Tunes.XApp.iOS", "BSE.Tunes.XApp\BSE.Tunes.XApp.iOS\BSE.Tunes.XApp.iOS.csproj", "{EF6EC470-EBC0-4038-8D47-7BC838A05F58}"
EndProject
Project("{FAE04EC0-301F-11D3-BF4B-00C04F79EFBC}") = "BSE.Tunes.XApp.UWP", "BSE.Tunes.XApp\BSE.Tunes.XApp.UWP\BSE.Tunes.XApp.UWP.csproj", "{B9F74130-2EEA-4BA2-8D53-8B82D2AD09E8}"
EndProject
Global
	GlobalSection(SolutionConfigurationPlatforms) = preSolution
		Ad-Hoc|Any CPU = Ad-Hoc|Any CPU
		Ad-Hoc|ARM = Ad-Hoc|ARM
		Ad-Hoc|iPhone = Ad-Hoc|iPhone
		Ad-Hoc|iPhoneSimulator = Ad-Hoc|iPhoneSimulator
		Ad-Hoc|x64 = Ad-Hoc|x64
		Ad-Hoc|x86 = Ad-Hoc|x86
		AppStore|Any CPU = AppStore|Any CPU
		AppStore|ARM = AppStore|ARM
		AppStore|iPhone = AppStore|iPhone
		AppStore|iPhoneSimulator = AppStore|iPhoneSimulator
		AppStore|x64 = AppStore|x64
		AppStore|x86 = AppStore|x86
		Debug|Any CPU = Debug|Any CPU
		Debug|ARM = Debug|ARM
		Debug|iPhone = Debug|iPhone
		Debug|iPhoneSimulator = Debug|iPhoneSimulator
		Debug|x64 = Debug|x64
		Debug|x86 = Debug|x86
		Release|Any CPU = Release|Any CPU
		Release|ARM = Release|ARM
		Release|iPhone = Release|iPhone
		Release|iPhoneSimulator = Release|iPhoneSimulator
		Release|x64 = Release|x64
		Release|x86 = Release|x86
	EndGlobalSection
	GlobalSection(ProjectConfigurationPlatforms) = postSolution
		{9C1B4F15-106F-4422-BBAD-91197B9DFBC7}.Ad-Hoc|Any CPU.ActiveCfg = Debug|Any CPU
		{9C1B4F15-106F-4422-BBAD-91197B9DFBC7}.Ad-Hoc|Any CPU.Build.0 = Debug|Any CPU
		{9C1B4F15-106F-4422-BBAD-91197B9DFBC7}.Ad-Hoc|ARM.ActiveCfg = Debug|Any CPU
		{9C1B4F15-106F-4422-BBAD-91197B9DFBC7}.Ad-Hoc|ARM.Build.0 = Debug|Any CPU
		{9C1B4F15-106F-4422-BBAD-91197B9DFBC7}.Ad-Hoc|iPhone.ActiveCfg = Debug|Any CPU
		{9C1B4F15-106F-4422-BBAD-91197B9DFBC7}.Ad-Hoc|iPhone.Build.0 = Debug|Any CPU
		{9C1B4F15-106F-4422-BBAD-91197B9DFBC7}.Ad-Hoc|iPhoneSimulator.ActiveCfg = Debug|Any CPU
		{9C1B4F15-106F-4422-BBAD-91197B9DFBC7}.Ad-Hoc|iPhoneSimulator.Build.0 = Debug|Any CPU
		{9C1B4F15-106F-4422-BBAD-91197B9DFBC7}.Ad-Hoc|x64.ActiveCfg = Debug|Any CPU
		{9C1B4F15-106F-4422-BBAD-91197B9DFBC7}.Ad-Hoc|x64.Build.0 = Debug|Any CPU
		{9C1B4F15-106F-4422-BBAD-91197B9DFBC7}.Ad-Hoc|x86.ActiveCfg = Debug|Any CPU
		{9C1B4F15-106F-4422-BBAD-91197B9DFBC7}.Ad-Hoc|x86.Build.0 = Debug|Any CPU
		{9C1B4F15-106F-4422-BBAD-91197B9DFBC7}.AppStore|Any CPU.ActiveCfg = Debug|Any CPU
		{9C1B4F15-106F-4422-BBAD-91197B9DFBC7}.AppStore|Any CPU.Build.0 = Debug|Any CPU
		{9C1B4F15-106F-4422-BBAD-91197B9DFBC7}.AppStore|ARM.ActiveCfg = Debug|Any CPU
		{9C1B4F15-106F-4422-BBAD-91197B9DFBC7}.AppStore|ARM.Build.0 = Debug|Any CPU
		{9C1B4F15-106F-4422-BBAD-91197B9DFBC7}.AppStore|iPhone.ActiveCfg = Debug|Any CPU
		{9C1B4F15-106F-4422-BBAD-91197B9DFBC7}.AppStore|iPhone.Build.0 = Debug|Any CPU
		{9C1B4F15-106F-4422-BBAD-91197B9DFBC7}.AppStore|iPhoneSimulator.ActiveCfg = Debug|Any CPU
		{9C1B4F15-106F-4422-BBAD-91197B9DFBC7}.AppStore|iPhoneSimulator.Build.0 = Debug|Any CPU
		{9C1B4F15-106F-4422-BBAD-91197B9DFBC7}.AppStore|x64.ActiveCfg = Debug|Any CPU
		{9C1B4F15-106F-4422-BBAD-91197B9DFBC7}.AppStore|x64.Build.0 = Debug|Any CPU
		{9C1B4F15-106F-4422-BBAD-91197B9DFBC7}.AppStore|x86.ActiveCfg = Debug|Any CPU
		{9C1B4F15-106F-4422-BBAD-91197B9DFBC7}.AppStore|x86.Build.0 = Debug|Any CPU
		{9C1B4F15-106F-4422-BBAD-91197B9DFBC7}.Debug|Any CPU.ActiveCfg = Debug|Any CPU
		{9C1B4F15-106F-4422-BBAD-91197B9DFBC7}.Debug|Any CPU.Build.0 = Debug|Any CPU
		{9C1B4F15-106F-4422-BBAD-91197B9DFBC7}.Debug|ARM.ActiveCfg = Debug|Any CPU
		{9C1B4F15-106F-4422-BBAD-91197B9DFBC7}.Debug|ARM.Build.0 = Debug|Any CPU
		{9C1B4F15-106F-4422-BBAD-91197B9DFBC7}.Debug|iPhone.ActiveCfg = Debug|Any CPU
		{9C1B4F15-106F-4422-BBAD-91197B9DFBC7}.Debug|iPhone.Build.0 = Debug|Any CPU
		{9C1B4F15-106F-4422-BBAD-91197B9DFBC7}.Debug|iPhoneSimulator.ActiveCfg = Debug|Any CPU
		{9C1B4F15-106F-4422-BBAD-91197B9DFBC7}.Debug|iPhoneSimulator.Build.0 = Debug|Any CPU
		{9C1B4F15-106F-4422-BBAD-91197B9DFBC7}.Debug|x64.ActiveCfg = Debug|Any CPU
		{9C1B4F15-106F-4422-BBAD-91197B9DFBC7}.Debug|x64.Build.0 = Debug|Any CPU
		{9C1B4F15-106F-4422-BBAD-91197B9DFBC7}.Debug|x86.ActiveCfg = Debug|Any CPU
		{9C1B4F15-106F-4422-BBAD-91197B9DFBC7}.Debug|x86.Build.0 = Debug|Any CPU
		{9C1B4F15-106F-4422-BBAD-91197B9DFBC7}.Release|Any CPU.ActiveCfg = Release|Any CPU
		{9C1B4F15-106F-4422-BBAD-91197B9DFBC7}.Release|Any CPU.Build.0 = Release|Any CPU
		{9C1B4F15-106F-4422-BBAD-91197B9DFBC7}.Release|ARM.ActiveCfg = Release|Any CPU
		{9C1B4F15-106F-4422-BBAD-91197B9DFBC7}.Release|ARM.Build.0 = Release|Any CPU
		{9C1B4F15-106F-4422-BBAD-91197B9DFBC7}.Release|iPhone.ActiveCfg = Release|Any CPU
		{9C1B4F15-106F-4422-BBAD-91197B9DFBC7}.Release|iPhone.Build.0 = Release|Any CPU
		{9C1B4F15-106F-4422-BBAD-91197B9DFBC7}.Release|iPhoneSimulator.ActiveCfg = Release|Any CPU
		{9C1B4F15-106F-4422-BBAD-91197B9DFBC7}.Release|iPhoneSimulator.Build.0 = Release|Any CPU
		{9C1B4F15-106F-4422-BBAD-91197B9DFBC7}.Release|x64.ActiveCfg = Release|Any CPU
		{9C1B4F15-106F-4422-BBAD-91197B9DFBC7}.Release|x64.Build.0 = Release|Any CPU
		{9C1B4F15-106F-4422-BBAD-91197B9DFBC7}.Release|x86.ActiveCfg = Release|Any CPU
		{9C1B4F15-106F-4422-BBAD-91197B9DFBC7}.Release|x86.Build.0 = Release|Any CPU
		{BFAF10F3-F042-4647-9BDD-9B5176C579A2}.Ad-Hoc|Any CPU.ActiveCfg = Release|Any CPU
		{BFAF10F3-F042-4647-9BDD-9B5176C579A2}.Ad-Hoc|Any CPU.Build.0 = Release|Any CPU
		{BFAF10F3-F042-4647-9BDD-9B5176C579A2}.Ad-Hoc|Any CPU.Deploy.0 = Release|Any CPU
		{BFAF10F3-F042-4647-9BDD-9B5176C579A2}.Ad-Hoc|ARM.ActiveCfg = Release|Any CPU
		{BFAF10F3-F042-4647-9BDD-9B5176C579A2}.Ad-Hoc|ARM.Build.0 = Release|Any CPU
		{BFAF10F3-F042-4647-9BDD-9B5176C579A2}.Ad-Hoc|ARM.Deploy.0 = Release|Any CPU
		{BFAF10F3-F042-4647-9BDD-9B5176C579A2}.Ad-Hoc|iPhone.ActiveCfg = Release|Any CPU
		{BFAF10F3-F042-4647-9BDD-9B5176C579A2}.Ad-Hoc|iPhone.Build.0 = Release|Any CPU
		{BFAF10F3-F042-4647-9BDD-9B5176C579A2}.Ad-Hoc|iPhone.Deploy.0 = Release|Any CPU
		{BFAF10F3-F042-4647-9BDD-9B5176C579A2}.Ad-Hoc|iPhoneSimulator.ActiveCfg = Release|Any CPU
		{BFAF10F3-F042-4647-9BDD-9B5176C579A2}.Ad-Hoc|iPhoneSimulator.Build.0 = Release|Any CPU
		{BFAF10F3-F042-4647-9BDD-9B5176C579A2}.Ad-Hoc|iPhoneSimulator.Deploy.0 = Release|Any CPU
		{BFAF10F3-F042-4647-9BDD-9B5176C579A2}.Ad-Hoc|x64.ActiveCfg = Release|Any CPU
		{BFAF10F3-F042-4647-9BDD-9B5176C579A2}.Ad-Hoc|x64.Build.0 = Release|Any CPU
		{BFAF10F3-F042-4647-9BDD-9B5176C579A2}.Ad-Hoc|x64.Deploy.0 = Release|Any CPU
		{BFAF10F3-F042-4647-9BDD-9B5176C579A2}.Ad-Hoc|x86.ActiveCfg = Release|Any CPU
		{BFAF10F3-F042-4647-9BDD-9B5176C579A2}.Ad-Hoc|x86.Build.0 = Release|Any CPU
		{BFAF10F3-F042-4647-9BDD-9B5176C579A2}.Ad-Hoc|x86.Deploy.0 = Release|Any CPU
		{BFAF10F3-F042-4647-9BDD-9B5176C579A2}.AppStore|Any CPU.ActiveCfg = Release|Any CPU
		{BFAF10F3-F042-4647-9BDD-9B5176C579A2}.AppStore|Any CPU.Build.0 = Release|Any CPU
		{BFAF10F3-F042-4647-9BDD-9B5176C579A2}.AppStore|Any CPU.Deploy.0 = Release|Any CPU
		{BFAF10F3-F042-4647-9BDD-9B5176C579A2}.AppStore|ARM.ActiveCfg = Release|Any CPU
		{BFAF10F3-F042-4647-9BDD-9B5176C579A2}.AppStore|ARM.Build.0 = Release|Any CPU
		{BFAF10F3-F042-4647-9BDD-9B5176C579A2}.AppStore|ARM.Deploy.0 = Release|Any CPU
		{BFAF10F3-F042-4647-9BDD-9B5176C579A2}.AppStore|iPhone.ActiveCfg = Release|Any CPU
		{BFAF10F3-F042-4647-9BDD-9B5176C579A2}.AppStore|iPhone.Build.0 = Release|Any CPU
		{BFAF10F3-F042-4647-9BDD-9B5176C579A2}.AppStore|iPhone.Deploy.0 = Release|Any CPU
		{BFAF10F3-F042-4647-9BDD-9B5176C579A2}.AppStore|iPhoneSimulator.ActiveCfg = Release|Any CPU
		{BFAF10F3-F042-4647-9BDD-9B5176C579A2}.AppStore|iPhoneSimulator.Build.0 = Release|Any CPU
		{BFAF10F3-F042-4647-9BDD-9B5176C579A2}.AppStore|iPhoneSimulator.Deploy.0 = Release|Any CPU
		{BFAF10F3-F042-4647-9BDD-9B5176C579A2}.AppStore|x64.ActiveCfg = Release|Any CPU
		{BFAF10F3-F042-4647-9BDD-9B5176C579A2}.AppStore|x64.Build.0 = Release|Any CPU
		{BFAF10F3-F042-4647-9BDD-9B5176C579A2}.AppStore|x64.Deploy.0 = Release|Any CPU
		{BFAF10F3-F042-4647-9BDD-9B5176C579A2}.AppStore|x86.ActiveCfg = Release|Any CPU
		{BFAF10F3-F042-4647-9BDD-9B5176C579A2}.AppStore|x86.Build.0 = Release|Any CPU
		{BFAF10F3-F042-4647-9BDD-9B5176C579A2}.AppStore|x86.Deploy.0 = Release|Any CPU
		{BFAF10F3-F042-4647-9BDD-9B5176C579A2}.Debug|Any CPU.ActiveCfg = Debug|Any CPU
		{BFAF10F3-F042-4647-9BDD-9B5176C579A2}.Debug|Any CPU.Build.0 = Debug|Any CPU
		{BFAF10F3-F042-4647-9BDD-9B5176C579A2}.Debug|Any CPU.Deploy.0 = Debug|Any CPU
		{BFAF10F3-F042-4647-9BDD-9B5176C579A2}.Debug|ARM.ActiveCfg = Debug|Any CPU
		{BFAF10F3-F042-4647-9BDD-9B5176C579A2}.Debug|ARM.Build.0 = Debug|Any CPU
		{BFAF10F3-F042-4647-9BDD-9B5176C579A2}.Debug|ARM.Deploy.0 = Debug|Any CPU
		{BFAF10F3-F042-4647-9BDD-9B5176C579A2}.Debug|iPhone.ActiveCfg = Debug|Any CPU
		{BFAF10F3-F042-4647-9BDD-9B5176C579A2}.Debug|iPhone.Build.0 = Debug|Any CPU
		{BFAF10F3-F042-4647-9BDD-9B5176C579A2}.Debug|iPhone.Deploy.0 = Debug|Any CPU
		{BFAF10F3-F042-4647-9BDD-9B5176C579A2}.Debug|iPhoneSimulator.ActiveCfg = Debug|Any CPU
		{BFAF10F3-F042-4647-9BDD-9B5176C579A2}.Debug|iPhoneSimulator.Build.0 = Debug|Any CPU
		{BFAF10F3-F042-4647-9BDD-9B5176C579A2}.Debug|iPhoneSimulator.Deploy.0 = Debug|Any CPU
		{BFAF10F3-F042-4647-9BDD-9B5176C579A2}.Debug|x64.ActiveCfg = Debug|Any CPU
		{BFAF10F3-F042-4647-9BDD-9B5176C579A2}.Debug|x64.Build.0 = Debug|Any CPU
		{BFAF10F3-F042-4647-9BDD-9B5176C579A2}.Debug|x64.Deploy.0 = Debug|Any CPU
		{BFAF10F3-F042-4647-9BDD-9B5176C579A2}.Debug|x86.ActiveCfg = Debug|Any CPU
		{BFAF10F3-F042-4647-9BDD-9B5176C579A2}.Debug|x86.Build.0 = Debug|Any CPU
		{BFAF10F3-F042-4647-9BDD-9B5176C579A2}.Debug|x86.Deploy.0 = Debug|Any CPU
		{BFAF10F3-F042-4647-9BDD-9B5176C579A2}.Release|Any CPU.ActiveCfg = Release|Any CPU
		{BFAF10F3-F042-4647-9BDD-9B5176C579A2}.Release|Any CPU.Build.0 = Release|Any CPU
		{BFAF10F3-F042-4647-9BDD-9B5176C579A2}.Release|Any CPU.Deploy.0 = Release|Any CPU
		{BFAF10F3-F042-4647-9BDD-9B5176C579A2}.Release|ARM.ActiveCfg = Release|Any CPU
		{BFAF10F3-F042-4647-9BDD-9B5176C579A2}.Release|ARM.Build.0 = Release|Any CPU
		{BFAF10F3-F042-4647-9BDD-9B5176C579A2}.Release|ARM.Deploy.0 = Release|Any CPU
		{BFAF10F3-F042-4647-9BDD-9B5176C579A2}.Release|iPhone.ActiveCfg = Release|Any CPU
		{BFAF10F3-F042-4647-9BDD-9B5176C579A2}.Release|iPhone.Build.0 = Release|Any CPU
		{BFAF10F3-F042-4647-9BDD-9B5176C579A2}.Release|iPhone.Deploy.0 = Release|Any CPU
		{BFAF10F3-F042-4647-9BDD-9B5176C579A2}.Release|iPhoneSimulator.ActiveCfg = Release|Any CPU
		{BFAF10F3-F042-4647-9BDD-9B5176C579A2}.Release|iPhoneSimulator.Build.0 = Release|Any CPU
		{BFAF10F3-F042-4647-9BDD-9B5176C579A2}.Release|iPhoneSimulator.Deploy.0 = Release|Any CPU
		{BFAF10F3-F042-4647-9BDD-9B5176C579A2}.Release|x64.ActiveCfg = Release|Any CPU
		{BFAF10F3-F042-4647-9BDD-9B5176C579A2}.Release|x64.Build.0 = Release|Any CPU
		{BFAF10F3-F042-4647-9BDD-9B5176C579A2}.Release|x64.Deploy.0 = Release|Any CPU
		{BFAF10F3-F042-4647-9BDD-9B5176C579A2}.Release|x86.ActiveCfg = Release|Any CPU
		{BFAF10F3-F042-4647-9BDD-9B5176C579A2}.Release|x86.Build.0 = Release|Any CPU
		{BFAF10F3-F042-4647-9BDD-9B5176C579A2}.Release|x86.Deploy.0 = Release|Any CPU
		{EF6EC470-EBC0-4038-8D47-7BC838A05F58}.Ad-Hoc|Any CPU.ActiveCfg = Ad-Hoc|iPhone
		{EF6EC470-EBC0-4038-8D47-7BC838A05F58}.Ad-Hoc|ARM.ActiveCfg = Ad-Hoc|iPhone
		{EF6EC470-EBC0-4038-8D47-7BC838A05F58}.Ad-Hoc|iPhone.ActiveCfg = Ad-Hoc|iPhone
		{EF6EC470-EBC0-4038-8D47-7BC838A05F58}.Ad-Hoc|iPhone.Build.0 = Ad-Hoc|iPhone
		{EF6EC470-EBC0-4038-8D47-7BC838A05F58}.Ad-Hoc|iPhoneSimulator.ActiveCfg = Ad-Hoc|iPhoneSimulator
		{EF6EC470-EBC0-4038-8D47-7BC838A05F58}.Ad-Hoc|iPhoneSimulator.Build.0 = Ad-Hoc|iPhoneSimulator
		{EF6EC470-EBC0-4038-8D47-7BC838A05F58}.Ad-Hoc|x64.ActiveCfg = Ad-Hoc|iPhone
		{EF6EC470-EBC0-4038-8D47-7BC838A05F58}.Ad-Hoc|x86.ActiveCfg = Ad-Hoc|iPhone
		{EF6EC470-EBC0-4038-8D47-7BC838A05F58}.AppStore|Any CPU.ActiveCfg = AppStore|iPhone
		{EF6EC470-EBC0-4038-8D47-7BC838A05F58}.AppStore|ARM.ActiveCfg = AppStore|iPhone
		{EF6EC470-EBC0-4038-8D47-7BC838A05F58}.AppStore|iPhone.ActiveCfg = AppStore|iPhone
		{EF6EC470-EBC0-4038-8D47-7BC838A05F58}.AppStore|iPhone.Build.0 = AppStore|iPhone
		{EF6EC470-EBC0-4038-8D47-7BC838A05F58}.AppStore|iPhoneSimulator.ActiveCfg = AppStore|iPhoneSimulator
		{EF6EC470-EBC0-4038-8D47-7BC838A05F58}.AppStore|iPhoneSimulator.Build.0 = AppStore|iPhoneSimulator
		{EF6EC470-EBC0-4038-8D47-7BC838A05F58}.AppStore|x64.ActiveCfg = AppStore|iPhone
		{EF6EC470-EBC0-4038-8D47-7BC838A05F58}.AppStore|x86.ActiveCfg = AppStore|iPhone
		{EF6EC470-EBC0-4038-8D47-7BC838A05F58}.Debug|Any CPU.ActiveCfg = Debug|iPhone
		{EF6EC470-EBC0-4038-8D47-7BC838A05F58}.Debug|Any CPU.Build.0 = Debug|iPhone
		{EF6EC470-EBC0-4038-8D47-7BC838A05F58}.Debug|ARM.ActiveCfg = Debug|iPhone
		{EF6EC470-EBC0-4038-8D47-7BC838A05F58}.Debug|iPhone.ActiveCfg = Debug|iPhone
		{EF6EC470-EBC0-4038-8D47-7BC838A05F58}.Debug|iPhone.Build.0 = Debug|iPhone
		{EF6EC470-EBC0-4038-8D47-7BC838A05F58}.Debug|iPhone.Deploy.0 = Debug|iPhone
		{EF6EC470-EBC0-4038-8D47-7BC838A05F58}.Debug|iPhoneSimulator.ActiveCfg = Debug|iPhoneSimulator
		{EF6EC470-EBC0-4038-8D47-7BC838A05F58}.Debug|iPhoneSimulator.Build.0 = Debug|iPhoneSimulator
		{EF6EC470-EBC0-4038-8D47-7BC838A05F58}.Debug|x64.ActiveCfg = Debug|iPhone
		{EF6EC470-EBC0-4038-8D47-7BC838A05F58}.Debug|x86.ActiveCfg = Debug|iPhone
		{EF6EC470-EBC0-4038-8D47-7BC838A05F58}.Release|Any CPU.ActiveCfg = Release|iPhone
		{EF6EC470-EBC0-4038-8D47-7BC838A05F58}.Release|ARM.ActiveCfg = Release|iPhone
		{EF6EC470-EBC0-4038-8D47-7BC838A05F58}.Release|iPhone.ActiveCfg = Release|iPhone
		{EF6EC470-EBC0-4038-8D47-7BC838A05F58}.Release|iPhone.Build.0 = Release|iPhone
		{EF6EC470-EBC0-4038-8D47-7BC838A05F58}.Release|iPhone.Deploy.0 = Release|iPhone
		{EF6EC470-EBC0-4038-8D47-7BC838A05F58}.Release|iPhoneSimulator.ActiveCfg = Release|iPhoneSimulator
		{EF6EC470-EBC0-4038-8D47-7BC838A05F58}.Release|iPhoneSimulator.Build.0 = Release|iPhoneSimulator
		{EF6EC470-EBC0-4038-8D47-7BC838A05F58}.Release|x64.ActiveCfg = Release|iPhone
		{EF6EC470-EBC0-4038-8D47-7BC838A05F58}.Release|x86.ActiveCfg = Release|iPhone
		{B9F74130-2EEA-4BA2-8D53-8B82D2AD09E8}.Ad-Hoc|Any CPU.ActiveCfg = Release|x86
		{B9F74130-2EEA-4BA2-8D53-8B82D2AD09E8}.Ad-Hoc|Any CPU.Build.0 = Release|x86
		{B9F74130-2EEA-4BA2-8D53-8B82D2AD09E8}.Ad-Hoc|Any CPU.Deploy.0 = Release|x86
		{B9F74130-2EEA-4BA2-8D53-8B82D2AD09E8}.Ad-Hoc|ARM.ActiveCfg = Release|ARM
		{B9F74130-2EEA-4BA2-8D53-8B82D2AD09E8}.Ad-Hoc|ARM.Build.0 = Release|ARM
		{B9F74130-2EEA-4BA2-8D53-8B82D2AD09E8}.Ad-Hoc|ARM.Deploy.0 = Release|ARM
		{B9F74130-2EEA-4BA2-8D53-8B82D2AD09E8}.Ad-Hoc|iPhone.ActiveCfg = Release|x86
		{B9F74130-2EEA-4BA2-8D53-8B82D2AD09E8}.Ad-Hoc|iPhone.Build.0 = Release|x86
		{B9F74130-2EEA-4BA2-8D53-8B82D2AD09E8}.Ad-Hoc|iPhone.Deploy.0 = Release|x86
		{B9F74130-2EEA-4BA2-8D53-8B82D2AD09E8}.Ad-Hoc|iPhoneSimulator.ActiveCfg = Release|x86
		{B9F74130-2EEA-4BA2-8D53-8B82D2AD09E8}.Ad-Hoc|iPhoneSimulator.Build.0 = Release|x86
		{B9F74130-2EEA-4BA2-8D53-8B82D2AD09E8}.Ad-Hoc|iPhoneSimulator.Deploy.0 = Release|x86
		{B9F74130-2EEA-4BA2-8D53-8B82D2AD09E8}.Ad-Hoc|x64.ActiveCfg = Release|x64
		{B9F74130-2EEA-4BA2-8D53-8B82D2AD09E8}.Ad-Hoc|x64.Build.0 = Release|x64
		{B9F74130-2EEA-4BA2-8D53-8B82D2AD09E8}.Ad-Hoc|x64.Deploy.0 = Release|x64
		{B9F74130-2EEA-4BA2-8D53-8B82D2AD09E8}.Ad-Hoc|x86.ActiveCfg = Release|x86
		{B9F74130-2EEA-4BA2-8D53-8B82D2AD09E8}.Ad-Hoc|x86.Build.0 = Release|x86
		{B9F74130-2EEA-4BA2-8D53-8B82D2AD09E8}.Ad-Hoc|x86.Deploy.0 = Release|x86
		{B9F74130-2EEA-4BA2-8D53-8B82D2AD09E8}.AppStore|Any CPU.ActiveCfg = Release|x86
		{B9F74130-2EEA-4BA2-8D53-8B82D2AD09E8}.AppStore|Any CPU.Build.0 = Release|x86
		{B9F74130-2EEA-4BA2-8D53-8B82D2AD09E8}.AppStore|Any CPU.Deploy.0 = Release|x86
		{B9F74130-2EEA-4BA2-8D53-8B82D2AD09E8}.AppStore|ARM.ActiveCfg = Release|ARM
		{B9F74130-2EEA-4BA2-8D53-8B82D2AD09E8}.AppStore|ARM.Build.0 = Release|ARM
		{B9F74130-2EEA-4BA2-8D53-8B82D2AD09E8}.AppStore|ARM.Deploy.0 = Release|ARM
		{B9F74130-2EEA-4BA2-8D53-8B82D2AD09E8}.AppStore|iPhone.ActiveCfg = Release|x86
		{B9F74130-2EEA-4BA2-8D53-8B82D2AD09E8}.AppStore|iPhone.Build.0 = Release|x86
		{B9F74130-2EEA-4BA2-8D53-8B82D2AD09E8}.AppStore|iPhone.Deploy.0 = Release|x86
		{B9F74130-2EEA-4BA2-8D53-8B82D2AD09E8}.AppStore|iPhoneSimulator.ActiveCfg = Release|x86
		{B9F74130-2EEA-4BA2-8D53-8B82D2AD09E8}.AppStore|iPhoneSimulator.Build.0 = Release|x86
		{B9F74130-2EEA-4BA2-8D53-8B82D2AD09E8}.AppStore|iPhoneSimulator.Deploy.0 = Release|x86
		{B9F74130-2EEA-4BA2-8D53-8B82D2AD09E8}.AppStore|x64.ActiveCfg = Release|x64
		{B9F74130-2EEA-4BA2-8D53-8B82D2AD09E8}.AppStore|x64.Build.0 = Release|x64
		{B9F74130-2EEA-4BA2-8D53-8B82D2AD09E8}.AppStore|x64.Deploy.0 = Release|x64
		{B9F74130-2EEA-4BA2-8D53-8B82D2AD09E8}.AppStore|x86.ActiveCfg = Release|x86
		{B9F74130-2EEA-4BA2-8D53-8B82D2AD09E8}.AppStore|x86.Build.0 = Release|x86
		{B9F74130-2EEA-4BA2-8D53-8B82D2AD09E8}.AppStore|x86.Deploy.0 = Release|x86
		{B9F74130-2EEA-4BA2-8D53-8B82D2AD09E8}.Debug|Any CPU.ActiveCfg = Debug|x86
		{B9F74130-2EEA-4BA2-8D53-8B82D2AD09E8}.Debug|Any CPU.Build.0 = Debug|x86
		{B9F74130-2EEA-4BA2-8D53-8B82D2AD09E8}.Debug|Any CPU.Deploy.0 = Debug|x86
		{B9F74130-2EEA-4BA2-8D53-8B82D2AD09E8}.Debug|ARM.ActiveCfg = Debug|ARM
		{B9F74130-2EEA-4BA2-8D53-8B82D2AD09E8}.Debug|ARM.Build.0 = Debug|ARM
		{B9F74130-2EEA-4BA2-8D53-8B82D2AD09E8}.Debug|ARM.Deploy.0 = Debug|ARM
		{B9F74130-2EEA-4BA2-8D53-8B82D2AD09E8}.Debug|iPhone.ActiveCfg = Debug|x86
		{B9F74130-2EEA-4BA2-8D53-8B82D2AD09E8}.Debug|iPhoneSimulator.ActiveCfg = Debug|x86
		{B9F74130-2EEA-4BA2-8D53-8B82D2AD09E8}.Debug|x64.ActiveCfg = Debug|x64
		{B9F74130-2EEA-4BA2-8D53-8B82D2AD09E8}.Debug|x64.Build.0 = Debug|x64
		{B9F74130-2EEA-4BA2-8D53-8B82D2AD09E8}.Debug|x64.Deploy.0 = Debug|x64
		{B9F74130-2EEA-4BA2-8D53-8B82D2AD09E8}.Debug|x86.ActiveCfg = Debug|x86
		{B9F74130-2EEA-4BA2-8D53-8B82D2AD09E8}.Debug|x86.Build.0 = Debug|x86
		{B9F74130-2EEA-4BA2-8D53-8B82D2AD09E8}.Debug|x86.Deploy.0 = Debug|x86
		{B9F74130-2EEA-4BA2-8D53-8B82D2AD09E8}.Release|Any CPU.ActiveCfg = Release|x86
		{B9F74130-2EEA-4BA2-8D53-8B82D2AD09E8}.Release|ARM.ActiveCfg = Release|ARM
		{B9F74130-2EEA-4BA2-8D53-8B82D2AD09E8}.Release|ARM.Build.0 = Release|ARM
		{B9F74130-2EEA-4BA2-8D53-8B82D2AD09E8}.Release|ARM.Deploy.0 = Release|ARM
		{B9F74130-2EEA-4BA2-8D53-8B82D2AD09E8}.Release|iPhone.ActiveCfg = Release|x86
		{B9F74130-2EEA-4BA2-8D53-8B82D2AD09E8}.Release|iPhoneSimulator.ActiveCfg = Release|x86
		{B9F74130-2EEA-4BA2-8D53-8B82D2AD09E8}.Release|x64.ActiveCfg = Release|x64
		{B9F74130-2EEA-4BA2-8D53-8B82D2AD09E8}.Release|x64.Build.0 = Release|x64
		{B9F74130-2EEA-4BA2-8D53-8B82D2AD09E8}.Release|x64.Deploy.0 = Release|x64
		{B9F74130-2EEA-4BA2-8D53-8B82D2AD09E8}.Release|x86.ActiveCfg = Release|x86
		{B9F74130-2EEA-4BA2-8D53-8B82D2AD09E8}.Release|x86.Build.0 = Release|x86
		{B9F74130-2EEA-4BA2-8D53-8B82D2AD09E8}.Release|x86.Deploy.0 = Release|x86
	EndGlobalSection
	GlobalSection(SolutionProperties) = preSolution
		HideSolutionNode = FALSE
	EndGlobalSection
	GlobalSection(ExtensibilityGlobals) = postSolution
		SolutionGuid = {D40574FA-7B78-4D9B-9442-4EFBE909248A}
	EndGlobalSection
EndGlobal
